// !$*UTF8*$!
{
	archiveVersion = 1;
	classes = {
	};
	objectVersion = 50;
	objects = {

/* Begin PBXBuildFile section */
		9950147A2204EC8D0058D0B1 /* cJSON.c in Sources */ = {isa = PBXBuildFile; fileRef = 9950146D2204EC8D0058D0B1 /* cJSON.c */; };
		9950147B2204EC8D0058D0B1 /* IG.c in Sources */ = {isa = PBXBuildFile; fileRef = 995014702204EC8D0058D0B1 /* IG.c */; };
		9950147C2204EC8D0058D0B1 /* cURL_CB.c in Sources */ = {isa = PBXBuildFile; fileRef = 995014732204EC8D0058D0B1 /* cURL_CB.c */; };
		9950147D2204EC8D0058D0B1 /* connect.cpp in Sources */ = {isa = PBXBuildFile; fileRef = 995014752204EC8D0058D0B1 /* connect.cpp */; };
		9950147E2204EC8D0058D0B1 /* main.cpp in Sources */ = {isa = PBXBuildFile; fileRef = 995014762204EC8D0058D0B1 /* main.cpp */; };
		995014812204ED3A0058D0B1 /* libcurl.tbd in Frameworks */ = {isa = PBXBuildFile; fileRef = 995014802204ED3A0058D0B1 /* libcurl.tbd */; };
/* End PBXBuildFile section */

/* Begin PBXCopyFilesBuildPhase section */
		995014592204EC6C0058D0B1 /* CopyFiles */ = {
			isa = PBXCopyFilesBuildPhase;
			buildActionMask = 2147483647;
			dstPath = /usr/share/man/man1/;
			dstSubfolderSpec = 0;
			files = (
			);
			runOnlyForDeploymentPostprocessing = 1;
		};
/* End PBXCopyFilesBuildPhase section */

/* Begin PBXFileReference section */
		9950145B2204EC6C0058D0B1 /* IG */ = {isa = PBXFileReference; explicitFileType = "compiled.mach-o.executable"; includeInIndex = 0; path = IG; sourceTree = BUILT_PRODUCTS_DIR; };
		995014662204EC8D0058D0B1 /* cURL.hpp */ = {isa = PBXFileReference; fileEncoding = 4; lastKnownFileType = sourcecode.cpp.h; path = cURL.hpp; sourceTree = "<group>"; };
		995014672204EC8D0058D0B1 /* connect.hpp */ = {isa = PBXFileReference; fileEncoding = 4; lastKnownFileType = sourcecode.cpp.h; path = connect.hpp; sourceTree = "<group>"; };
		995014682204EC8D0058D0B1 /* IG.hpp */ = {isa = PBXFileReference; fileEncoding = 4; lastKnownFileType = sourcecode.cpp.h; path = IG.hpp; sourceTree = "<group>"; };
		995014692204EC8D0058D0B1 /* cJSON.hpp */ = {isa = PBXFileReference; fileEncoding = 4; lastKnownFileType = sourcecode.cpp.h; path = cJSON.hpp; sourceTree = "<group>"; };
		9950146C2204EC8D0058D0B1 /* cJSON.h */ = {isa = PBXFileReference; fileEncoding = 4; lastKnownFileType = sourcecode.c.h; path = cJSON.h; sourceTree = "<group>"; };
		9950146D2204EC8D0058D0B1 /* cJSON.c */ = {isa = PBXFileReference; fileEncoding = 4; lastKnownFileType = sourcecode.c.c; path = cJSON.c; sourceTree = "<group>"; };
		9950146F2204EC8D0058D0B1 /* IG.h */ = {isa = PBXFileReference; fileEncoding = 4; lastKnownFileType = sourcecode.c.h; path = IG.h; sourceTree = "<group>"; };
		995014702204EC8D0058D0B1 /* IG.c */ = {isa = PBXFileReference; fileEncoding = 4; lastKnownFileType = sourcecode.c.c; path = IG.c; sourceTree = "<group>"; };
		995014722204EC8D0058D0B1 /* cURL_CB.h */ = {isa = PBXFileReference; fileEncoding = 4; lastKnownFileType = sourcecode.c.h; path = cURL_CB.h; sourceTree = "<group>"; };
		995014732204EC8D0058D0B1 /* cURL_CB.c */ = {isa = PBXFileReference; fileEncoding = 4; lastKnownFileType = sourcecode.c.c; path = cURL_CB.c; sourceTree = "<group>"; };
		995014752204EC8D0058D0B1 /* connect.cpp */ = {isa = PBXFileReference; fileEncoding = 4; lastKnownFileType = sourcecode.cpp.cpp; path = connect.cpp; sourceTree = "<group>"; };
		995014762204EC8D0058D0B1 /* main.cpp */ = {isa = PBXFileReference; fileEncoding = 4; lastKnownFileType = sourcecode.cpp.cpp; path = main.cpp; sourceTree = "<group>"; };
		995014782204EC8D0058D0B1 /* config_demo.txt */ = {isa = PBXFileReference; fileEncoding = 4; lastKnownFileType = text; path = config_demo.txt; sourceTree = "<group>"; };
		995014792204EC8D0058D0B1 /* config_example.txt */ = {isa = PBXFileReference; fileEncoding = 4; lastKnownFileType = text; path = config_example.txt; sourceTree = "<group>"; };
		995014802204ED3A0058D0B1 /* libcurl.tbd */ = {isa = PBXFileReference; lastKnownFileType = "sourcecode.text-based-dylib-definition"; name = libcurl.tbd; path = usr/lib/libcurl.tbd; sourceTree = SDKROOT; };
/* End PBXFileReference section */

/* Begin PBXFrameworksBuildPhase section */
		995014582204EC6C0058D0B1 /* Frameworks */ = {
			isa = PBXFrameworksBuildPhase;
			buildActionMask = 2147483647;
			files = (
				995014812204ED3A0058D0B1 /* libcurl.tbd in Frameworks */,
			);
			runOnlyForDeploymentPostprocessing = 0;
		};
/* End PBXFrameworksBuildPhase section */

/* Begin PBXGroup section */
		995014522204EC6C0058D0B1 = {
			isa = PBXGroup;
			children = (
				9950145D2204EC6C0058D0B1 /* IG */,
				9950145C2204EC6C0058D0B1 /* Products */,
				9950147F2204ED390058D0B1 /* Frameworks */,
			);
			sourceTree = "<group>";
		};
		9950145C2204EC6C0058D0B1 /* Products */ = {
			isa = PBXGroup;
			children = (
				9950145B2204EC6C0058D0B1 /* IG */,
			);
			name = Products;
			sourceTree = "<group>";
		};
		9950145D2204EC6C0058D0B1 /* IG */ = {
			isa = PBXGroup;
			children = (
				9950146A2204EC8D0058D0B1 /* cAPI */,
				995014652204EC8D0058D0B1 /* inc */,
				995014772204EC8D0058D0B1 /* Resources */,
				995014742204EC8D0058D0B1 /* src */,
			);
			path = IG;
			sourceTree = "<group>";
		};
		995014652204EC8D0058D0B1 /* inc */ = {
			isa = PBXGroup;
			children = (
				995014662204EC8D0058D0B1 /* cURL.hpp */,
				995014672204EC8D0058D0B1 /* connect.hpp */,
				995014682204EC8D0058D0B1 /* IG.hpp */,
				995014692204EC8D0058D0B1 /* cJSON.hpp */,
			);
			path = inc;
			sourceTree = "<group>";
		};
		9950146A2204EC8D0058D0B1 /* cAPI */ = {
			isa = PBXGroup;
			children = (
				9950146B2204EC8D0058D0B1 /* cJSON */,
				9950146E2204EC8D0058D0B1 /* IG */,
				995014712204EC8D0058D0B1 /* cURL */,
			);
			path = cAPI;
			sourceTree = "<group>";
		};
		9950146B2204EC8D0058D0B1 /* cJSON */ = {
			isa = PBXGroup;
			children = (
				9950146C2204EC8D0058D0B1 /* cJSON.h */,
				9950146D2204EC8D0058D0B1 /* cJSON.c */,
			);
			path = cJSON;
			sourceTree = "<group>";
		};
		9950146E2204EC8D0058D0B1 /* IG */ = {
			isa = PBXGroup;
			children = (
				9950146F2204EC8D0058D0B1 /* IG.h */,
				995014702204EC8D0058D0B1 /* IG.c */,
			);
			path = IG;
			sourceTree = "<group>";
		};
		995014712204EC8D0058D0B1 /* cURL */ = {
			isa = PBXGroup;
			children = (
				995014722204EC8D0058D0B1 /* cURL_CB.h */,
				995014732204EC8D0058D0B1 /* cURL_CB.c */,
			);
			path = cURL;
			sourceTree = "<group>";
		};
		995014742204EC8D0058D0B1 /* src */ = {
			isa = PBXGroup;
			children = (
				995014752204EC8D0058D0B1 /* connect.cpp */,
				995014762204EC8D0058D0B1 /* main.cpp */,
			);
			path = src;
			sourceTree = "<group>";
		};
		995014772204EC8D0058D0B1 /* Resources */ = {
			isa = PBXGroup;
			children = (
				995014782204EC8D0058D0B1 /* config_demo.txt */,
				995014792204EC8D0058D0B1 /* config_example.txt */,
			);
			path = Resources;
			sourceTree = "<group>";
		};
		9950147F2204ED390058D0B1 /* Frameworks */ = {
			isa = PBXGroup;
			children = (
				995014802204ED3A0058D0B1 /* libcurl.tbd */,
			);
			name = Frameworks;
			sourceTree = "<group>";
		};
/* End PBXGroup section */

/* Begin PBXNativeTarget section */
		9950145A2204EC6C0058D0B1 /* IG */ = {
			isa = PBXNativeTarget;
			buildConfigurationList = 995014622204EC6C0058D0B1 /* Build configuration list for PBXNativeTarget "IG" */;
			buildPhases = (
				995014572204EC6C0058D0B1 /* Sources */,
				995014582204EC6C0058D0B1 /* Frameworks */,
				995014592204EC6C0058D0B1 /* CopyFiles */,
			);
			buildRules = (
			);
			dependencies = (
			);
			name = IG;
			productName = IG;
			productReference = 9950145B2204EC6C0058D0B1 /* IG */;
			productType = "com.apple.product-type.tool";
		};
/* End PBXNativeTarget section */

/* Begin PBXProject section */
		995014532204EC6C0058D0B1 /* Project object */ = {
			isa = PBXProject;
			attributes = {
				LastUpgradeCheck = 1010;
				ORGANIZATIONNAME = "Sach Patel";
				TargetAttributes = {
					9950145A2204EC6C0058D0B1 = {
						CreatedOnToolsVersion = 10.1;
					};
				};
			};
			buildConfigurationList = 995014562204EC6C0058D0B1 /* Build configuration list for PBXProject "IG" */;
			compatibilityVersion = "Xcode 9.3";
			developmentRegion = en;
			hasScannedForEncodings = 0;
			knownRegions = (
				en,
			);
			mainGroup = 995014522204EC6C0058D0B1;
			productRefGroup = 9950145C2204EC6C0058D0B1 /* Products */;
			projectDirPath = "";
			projectRoot = "";
			targets = (
				9950145A2204EC6C0058D0B1 /* IG */,
			);
		};
/* End PBXProject section */

/* Begin PBXSourcesBuildPhase section */
		995014572204EC6C0058D0B1 /* Sources */ = {
			isa = PBXSourcesBuildPhase;
			buildActionMask = 2147483647;
			files = (
				9950147A2204EC8D0058D0B1 /* cJSON.c in Sources */,
				9950147C2204EC8D0058D0B1 /* cURL_CB.c in Sources */,
				9950147D2204EC8D0058D0B1 /* connect.cpp in Sources */,
				9950147E2204EC8D0058D0B1 /* main.cpp in Sources */,
				9950147B2204EC8D0058D0B1 /* IG.c in Sources */,
			);
			runOnlyForDeploymentPostprocessing = 0;
		};
/* End PBXSourcesBuildPhase section */

/* Begin XCBuildConfiguration section */
		995014602204EC6C0058D0B1 /* Debug */ = {
			isa = XCBuildConfiguration;
			buildSettings = {
				ALWAYS_SEARCH_USER_PATHS = NO;
				CLANG_ANALYZER_NONNULL = YES;
				CLANG_ANALYZER_NUMBER_OBJECT_CONVERSION = YES_AGGRESSIVE;
				CLANG_CXX_LANGUAGE_STANDARD = "gnu++14";
				CLANG_CXX_LIBRARY = "libc++";
				CLANG_ENABLE_MODULES = YES;
				CLANG_ENABLE_OBJC_ARC = YES;
				CLANG_ENABLE_OBJC_WEAK = YES;
				CLANG_WARN_BLOCK_CAPTURE_AUTORELEASING = YES;
				CLANG_WARN_BOOL_CONVERSION = YES;
				CLANG_WARN_COMMA = YES;
				CLANG_WARN_CONSTANT_CONVERSION = YES;
				CLANG_WARN_DEPRECATED_OBJC_IMPLEMENTATIONS = YES;
				CLANG_WARN_DIRECT_OBJC_ISA_USAGE = YES_ERROR;
				CLANG_WARN_DOCUMENTATION_COMMENTS = YES;
				CLANG_WARN_EMPTY_BODY = YES;
				CLANG_WARN_ENUM_CONVERSION = YES;
				CLANG_WARN_INFINITE_RECURSION = YES;
				CLANG_WARN_INT_CONVERSION = YES;
				CLANG_WARN_NON_LITERAL_NULL_CONVERSION = YES;
				CLANG_WARN_OBJC_IMPLICIT_RETAIN_SELF = YES;
				CLANG_WARN_OBJC_LITERAL_CONVERSION = YES;
				CLANG_WARN_OBJC_ROOT_CLASS = YES_ERROR;
				CLANG_WARN_RANGE_LOOP_ANALYSIS = YES;
				CLANG_WARN_STRICT_PROTOTYPES = YES;
				CLANG_WARN_SUSPICIOUS_MOVE = YES;
				CLANG_WARN_UNGUARDED_AVAILABILITY = YES_AGGRESSIVE;
				CLANG_WARN_UNREACHABLE_CODE = YES;
				CLANG_WARN__DUPLICATE_METHOD_MATCH = YES;
				CODE_SIGN_IDENTITY = "Mac Developer";
				COPY_PHASE_STRIP = NO;
				DEBUG_INFORMATION_FORMAT = dwarf;
				ENABLE_STRICT_OBJC_MSGSEND = YES;
				ENABLE_TESTABILITY = YES;
				GCC_C_LANGUAGE_STANDARD = gnu11;
				GCC_DYNAMIC_NO_PIC = NO;
				GCC_NO_COMMON_BLOCKS = YES;
				GCC_OPTIMIZATION_LEVEL = 0;
				GCC_PREPROCESSOR_DEFINITIONS = (
					"DEBUG=1",
					"$(inherited)",
				);
				GCC_WARN_64_TO_32_BIT_CONVERSION = YES;
				GCC_WARN_ABOUT_RETURN_TYPE = YES_ERROR;
				GCC_WARN_UNDECLARED_SELECTOR = YES;
				GCC_WARN_UNINITIALIZED_AUTOS = YES_AGGRESSIVE;
				GCC_WARN_UNUSED_FUNCTION = YES;
				GCC_WARN_UNUSED_VARIABLE = YES;
				MACOSX_DEPLOYMENT_TARGET = 10.14;
				MTL_ENABLE_DEBUG_INFO = INCLUDE_SOURCE;
				MTL_FAST_MATH = YES;
				ONLY_ACTIVE_ARCH = YES;
				SDKROOT = macosx;
			};
			name = Debug;
		};
		995014612204EC6C0058D0B1 /* Release */ = {
			isa = XCBuildConfiguration;
			buildSettings = {
				ALWAYS_SEARCH_USER_PATHS = NO;
				CLANG_ANALYZER_NONNULL = YES;
				CLANG_ANALYZER_NUMBER_OBJECT_CONVERSION = YES_AGGRESSIVE;
				CLANG_CXX_LANGUAGE_STANDARD = "gnu++14";
				CLANG_CXX_LIBRARY = "libc++";
				CLANG_ENABLE_MODULES = YES;
				CLANG_ENABLE_OBJC_ARC = YES;
				CLANG_ENABLE_OBJC_WEAK = YES;
				CLANG_WARN_BLOCK_CAPTURE_AUTORELEASING = YES;
				CLANG_WARN_BOOL_CONVERSION = YES;
				CLANG_WARN_COMMA = YES;
				CLANG_WARN_CONSTANT_CONVERSION = YES;
				CLANG_WARN_DEPRECATED_OBJC_IMPLEMENTATIONS = YES;
				CLANG_WARN_DIRECT_OBJC_ISA_USAGE = YES_ERROR;
				CLANG_WARN_DOCUMENTATION_COMMENTS = YES;
				CLANG_WARN_EMPTY_BODY = YES;
				CLANG_WARN_ENUM_CONVERSION = YES;
				CLANG_WARN_INFINITE_RECURSION = YES;
				CLANG_WARN_INT_CONVERSION = YES;
				CLANG_WARN_NON_LITERAL_NULL_CONVERSION = YES;
				CLANG_WARN_OBJC_IMPLICIT_RETAIN_SELF = YES;
				CLANG_WARN_OBJC_LITERAL_CONVERSION = YES;
				CLANG_WARN_OBJC_ROOT_CLASS = YES_ERROR;
				CLANG_WARN_RANGE_LOOP_ANALYSIS = YES;
				CLANG_WARN_STRICT_PROTOTYPES = YES;
				CLANG_WARN_SUSPICIOUS_MOVE = YES;
				CLANG_WARN_UNGUARDED_AVAILABILITY = YES_AGGRESSIVE;
				CLANG_WARN_UNREACHABLE_CODE = YES;
				CLANG_WARN__DUPLICATE_METHOD_MATCH = YES;
				CODE_SIGN_IDENTITY = "Mac Developer";
				COPY_PHASE_STRIP = NO;
				DEBUG_INFORMATION_FORMAT = "dwarf-with-dsym";
				ENABLE_NS_ASSERTIONS = NO;
				ENABLE_STRICT_OBJC_MSGSEND = YES;
				GCC_C_LANGUAGE_STANDARD = gnu11;
				GCC_NO_COMMON_BLOCKS = YES;
				GCC_WARN_64_TO_32_BIT_CONVERSION = YES;
				GCC_WARN_ABOUT_RETURN_TYPE = YES_ERROR;
				GCC_WARN_UNDECLARED_SELECTOR = YES;
				GCC_WARN_UNINITIALIZED_AUTOS = YES_AGGRESSIVE;
				GCC_WARN_UNUSED_FUNCTION = YES;
				GCC_WARN_UNUSED_VARIABLE = YES;
				MACOSX_DEPLOYMENT_TARGET = 10.14;
				MTL_ENABLE_DEBUG_INFO = NO;
				MTL_FAST_MATH = YES;
				SDKROOT = macosx;
			};
			name = Release;
		};
		995014632204EC6C0058D0B1 /* Debug */ = {
			isa = XCBuildConfiguration;
			buildSettings = {
				CODE_SIGN_STYLE = Automatic;
				DEVELOPMENT_TEAM = KD4GM4VNGZ;
				PRODUCT_NAME = "$(TARGET_NAME)";
			};
			name = Debug;
		};
		995014642204EC6C0058D0B1 /* Release */ = {
			isa = XCBuildConfiguration;
			buildSettings = {
				CODE_SIGN_STYLE = Automatic;
				DEVELOPMENT_TEAM = KD4GM4VNGZ;
				PRODUCT_NAME = "$(TARGET_NAME)";
			};
			name = Release;
		};
/* End XCBuildConfiguration section */

/* Begin XCConfigurationList section */
		995014562204EC6C0058D0B1 /* Build configuration list for PBXProject "IG" */ = {
			isa = XCConfigurationList;
			buildConfigurations = (
				995014602204EC6C0058D0B1 /* Debug */,
				995014612204EC6C0058D0B1 /* Release */,
			);
			defaultConfigurationIsVisible = 0;
			defaultConfigurationName = Release;
		};
		995014622204EC6C0058D0B1 /* Build configuration list for PBXNativeTarget "IG" */ = {
			isa = XCConfigurationList;
			buildConfigurations = (
				995014632204EC6C0058D0B1 /* Debug */,
				995014642204EC6C0058D0B1 /* Release */,
			);
			defaultConfigurationIsVisible = 0;
			defaultConfigurationName = Release;
		};
/* End XCConfigurationList section */
	};
	rootObject = 995014532204EC6C0058D0B1 /* Project object */;
}
